version: v2
locks:
  dependencies/extract.requirements.in: 2e4493ba4a4294d42d3f7d550282b76fe974f860bdcd6e3eaa17238dd8988aca
  dependencies/project.requirements.in: 1f8adbbcc27988f175c2b06fe85d26cf68db033951644cb4c2419a09e42171de
  f/agents/toolsets: 5dc32a0cbdfc216889cdba609095cf05c2c19861bc64707411428526b47ed24c
  f/analytics/cleanup_posthog_events: c4f96ea5afd5e3ce99d128e47f6ed1c98f0632a0fff48e446169926c2e7f2e86
  f/analytics/import_posthog_events: 0bd2537ccd8e03c0eb9cef678f10b5d29514eda18bb44ff540ed72a9961c9d31
  f/analytics/posthog_events.flow+__flow_hash: 44136fa355b3678a1146ad16f7e8649e94fb4fc21fe77e8310c060f61caaff8a
  f/assoc/item_variants: 17595b135f692fba4788beec930829aad9ced04d60e72234bf308f2f6096ba59
  f/assoc/name_match: 6f3749dc477fa5d0021008284c771046c6270674c59e4540eff1d88f663f054b
  f/categories/add_material: 0a6c78853ffcc321ee6f1f94d700a730a7bec4d45b8b79ba2daad5bd6de8c9a4
  f/categories/categories_flow: 7e09d3857f6090bb5aa4fc58a72e5d082cdfbdc73159778d13b3ac52ade08987
  f/categories/edit_material: aa5aeabca0c611d8edec975e5fd546c9232afd71f127aa4cb72a09e5f0ea75a2
  f/categories/google_taxonomy_flow: 3212b818c055f2bc4de7423b6fab761c2410785691832fa3b75f90e331f8ab98
  f/categories/update_material_edges: 30acba7e14cb24788e6e4b782b6bbd4b6a3bf02294cde8de7486ecdaf7b42836
  f/changes/ai_associate: 96dbd13ffbcac6b56302f88088f7f82c6c0352afb771f31d7e1d79e9cb58ff26
  f/changes/ai_create: 43b80752da435d6874e4dd05487cb96e8b5e1f84c0fd29ed47a8b08f0d911d7e
  f/changes/ai_ref: cf105a745b972742dac8df6cd3b99b4b9c6a7f600c2cd068fbbb4f203f41abc9
  f/changes/ai_review: 841c291404bdd13139606a6440a30fcce21af0b0baf66175fe94b894f0234380
  f/changes/ai_shared: ee5daf83a00ebcd25ba40e510725b98851be598cf12e76e8f7d465b8205d0175
  f/changes/ai_suggest: b87d4762097e7054beacdfd8849b576a9369e10b86f88f7f38b2312df7b319a0
  f/changes/analyze_category_edit: fb9b4af688546cd478fc25f0ed8c27b77db756dd4847a36a187b531f8a9bf65c
  f/changes/analyze_component_edit: 89e862248ea315b2ee65df2f3a4de1ad844782a27a2196d6f3cf9dfbf4f0b7d7
  f/changes/analyze_generic_edit: c8516e7dc73c055edd541e83b5b4071c4a78e1d79cab697ae31b7f502f7abaad
  f/changes/analyze_item_edit: 53f9327186297825879179496cfb48939cbeffad2127311cebb375de8f9b2c6c
  f/changes/analyze_place_edit: 2964934879f2400a11f552b1d2a90e7c04ed3679a5131dda51c831e5244cffbe
  f/changes/analyze_process_edit: 6ce7f6ef748f23b5ca0756e1bd921674ea1b0e533b7569af6dc64309dd97b712
  f/changes/analyze_variant_edit: a15654028b1f4585594c81f2a63b842b798a0e6e0399034e9a74bf6f266759f7
  f/changes/apply: e033ad4a13223d8c1e8cc3d45cc0036c18ea5317e11fb4266dcae03f6d74217a
  f/changes/apply_associations: f527378942bf36f67a315c83871b7de075d4148164ae33409188baa3c1b0c2d6
  f/changes/auto_create.flow+__flow_hash: 44136fa355b3678a1146ad16f7e8649e94fb4fc21fe77e8310c060f61caaff8a
  f/changes/auto_item_variants.flow+__flow_hash: 44136fa355b3678a1146ad16f7e8649e94fb4fc21fe77e8310c060f61caaff8a
  f/changes/auto_ref.flow+__flow_hash: c6198735676a63f2561318c045e807745a95dd19ef5ab4d9ccfcf7d156a8212f
  f/changes/auto_ref.flow+log_no_ref_found_and_exit.inline_script.py: b76edce366f08196113f8c64c84e14c5bdde9dfe40b5811c8e14d71aee27d2af
  f/changes/auto_suggest.flow+__flow_hash: 44136fa355b3678a1146ad16f7e8649e94fb4fc21fe77e8310c060f61caaff8a
  f/changes/auto_variant_components.flow+__flow_hash: 44136fa355b3678a1146ad16f7e8649e94fb4fc21fe77e8310c060f61caaff8a
  f/changes/review_change.flow+__flow_hash: 6b56f71e499758a8a06ce1160ff303000c769998ba8059d9f09a9af475e4ce72
  f/changes/review_change.flow+fetch_change_edits.inline_script.py: 53dac6398a81c9424cca74b2e7fad48d84655517001f99a82d86de9e1a29fdf0
  f/changes/review_change.flow+write_review_results_to_crdb.inline_script.py: a7f082972c2d542627dcb4e7b20472e9bde3a83bf928964ce0903e59fe59a85a
  f/changes/review_edit: 525403e042f32f0e4058f9150b8fbe82139753da4a866bfff283c800e9fbd3ae
  f/changes/suggest_fields: 4c2bfefeea7eba38aa2eb244c01b4edb29b5c6ea8ea9a6f9c3caf135c00171ae
  f/context/category_context: 466ce859e088222cb2fcdd5ab5edcf92453fdf4c5233ad2a0c77ceeb7c02e043
  f/context/component_context: 680a76b8c750017de7fb3004aecccaa4fdacf23693330a714fbcb4eed465e214
  f/context/context_helpers: f5e4a06009a0142d956abdb0c78f1ae8b526eae263d32b64e1421984276cf8d4
  f/context/context_types: d54bb49c4aacd6c02c3d58beea0529e7f2101e89d479b5262a7e80c71f96c639
  f/context/generic_context: 7c5cab439e23bcfb684fdf118a645ed40cf0268366703e273589b400c870c45a
  f/context/item_context: beded157d0222a25bfc6156ed631e58e5870ce22503f815d8dca9fce3095b89a
  f/context/llm_rank: dc0a4ebeb668725e855eaf425cc576131c0a59afd88e9bbec14a44bb40d42997
  f/context/place_context: 46afaacc345fbb4d5b88ac1d9d2f29cde2e9df78bb141d53cff571173787851a
  f/context/process_context: de56b3ca7b4648bbf8738d48e43bdc712259eff5bcfd3453f983bb075fac1ef1
  f/context/variant_context: f4cd2ce38d4a479c66e917cbe31afb4381af0142d6f8c50e895df238a77664e4
  f/db_config/setup_changefeeds: 5188bf52d65d03b5d99190150f533debacecdf44cee8e9e8d9e220bdf60aeb6f
  f/db/base: 668184f22dd61094c76fae3cbaeb647793f7936bcd3bae7ce5978ceda5d2ad24
  f/db/databot/model: ee510c974bfd6b0f0a2f0f057d7d6ace8f5c6ddf2d38ae781ab734035396670c
  f/db/external_sources/model: c1192129d9d203e7915dc33bf300ce40fb47925a01a4e92d78ac5aecca1e5a16
  f/db/sage/model: f4245fc05eeffa80bf94cfe3e508f1b092bd0484a96f22de647aa2be6f9083f4
  f/db/setup_changefeeds: 04c104b90a97c1f0f1b257ce9d8da6b0daca6abbc18836d0fdcffaf608310567
  f/geo/import_whos_on_first.flow+__flow_hash: e8554b731d7085368b28ba482e4e77418a166163dc3611de996a8b9ebf04974f
  f/geo/import_whos_on_first.flow+load_whos_on_first_data.inline_script.py: 27aaef41563dcdf246b606b929b95171cee919e45240344cc12a8567bafb1be6
  f/geo/import_whos_on_first.flow+transform_and_insert.inline_script.py: 8555f8033b29a81e7e5473055031023bcac17b2748612b8aac0245f9c52d115e
  f/geo/import_wof_countries.flow+__flow_hash: e7494b8bca0be8ab6c1529aed0925794d27d0a02e29b5d1e52efce82817c8165
  f/geo/import_wof_countries.flow+load_wof_countries_data.inline_script.py: 14213b34c2779d5bd36aa1934df691bd76355fe398471a0f9ac1f438a19020ba
  f/geo/import_wof_countries.flow+transform_and_insert.inline_script.py: ecb78b682419f9e671c14bfb011193b8d28cb1f39f2f55f106d93a04bc8d60c6
  f/geo/regions_desc: 3ff519f0ccaa63efe5feb3bc46cffef2419ff95254e828149358a87a7ff0a1d9
  f/graphql/api_client/__init__: 75107d501e0d1c9070a54e03dc80c9d57abddc487d86d45667512d13e5568dc9
  f/graphql/api_client/add_category: 531afe81c61c63440a23f1d06e0efd526551842dec507e0ef38485d8b2adb4d6
  f/graphql/api_client/add_component: 71ba56f9344eea904b2c92da3093c2b239324929e8f4d508bda223ac9c086dd2
  f/graphql/api_client/add_item: 1ac928daa65a076beac846f6d34a617cc2c77aff70b4e1ef2d7a252c4e63f3f4
  f/graphql/api_client/add_org: c00807ed3213197c576a1dabf191c3f54e432d2289248f33df3425a7c703bb98
  f/graphql/api_client/add_process: 7b3903d73f3459b8b0269d19b8b1949eb214291e0f75406995faf8f182ba4b65
  f/graphql/api_client/add_source: a427975c2f3ac3d0eedf8ec2fcd4a210439141826d88d2247b040c34ad67feb9
  f/graphql/api_client/add_variant: 2fb2270c088737398c2fe0b6591f7b2c739869a4e4b5541fb9ad52a6f87fa650
  f/graphql/api_client/base_client: ffa52d4e26d1c4ffc4872a251d82813f4d8d06dfe4f61ad26a5860c66ae1e9b5
  f/graphql/api_client/base_model: 494ea33563d91f471d47d23459e9bce64d2720d6a648222dffa2216580e36d90
  f/graphql/api_client/client: f8d18db63c5995c4dd7d47c76fb16933aa42a12d682bf58c2515ad64cafe58fe
  f/graphql/api_client/enums: ff1dedd4dc5ee55fa01ac29a71f8257a8bdfac7c2be83526d1c13be9a2322e97
  f/graphql/api_client/exceptions: a9a01d7aabc287d9b60283ca4caf388807cc6b8036e620f1d9c4033d542ccced
  f/graphql/api_client/get_category_for_review: 6fc9ad634b7c2f8d1f4b690c02cb3fe5a5846d8dec7bc67e4bd97c012d467ef6
  f/graphql/api_client/get_category_schema: 02f30a083ac6b0c44c27e505058518cc89c2ddced13c8f56a94d0574c8b83c2e
  f/graphql/api_client/get_change_for_review: b136069a80cec48826d6ad5136030af69a23864775ea4aadc676da651fc35f5b
  f/graphql/api_client/get_component_for_review: a00374e9007500779e933a6476be2f2ca1409c16b9dc57cdfb4abfbe28cd5603
  f/graphql/api_client/get_component_schema: 22bca62aa977c04058e26992e2cbe87f4a0792c4449afadf1175a435c8a11ccd
  f/graphql/api_client/get_current_user: 2fbeaa11b116c658db151dfd425013e0d8ed23173b69b554826def428e0e0b1c
  f/graphql/api_client/get_item_for_link: 45d20cea01d5961febadca26f597215054310f1b65257b3df692680421893e83
  f/graphql/api_client/get_item_for_review: 0159ed19f7c5a391d208b96d1fec57ec2da40cf521329ee351f13e7469d7eedd
  f/graphql/api_client/get_item_schema: 14ae3c8574a2ec9046809380fe0c795440fdae714afd380ef172121b9aa8518a
  f/graphql/api_client/get_material_for_review: f5deb45910b9f3a3aeee26b9989e72b9d1069e1fce02cf1b6f76c2796884a0ab
  f/graphql/api_client/get_org: 0662665c01bd89c3c73efc5a07d3f2e5d47051bfa2df1afc5ff586007c0f9425
  f/graphql/api_client/get_place_for_review: 0d7a9eb1733632e691a7809e20bc26f5154ab804aec1b1cfa5e8186d4919b430
  f/graphql/api_client/get_process_for_review: cd9d956c26b07dd588e920db6d052ec958093a15b7c8e9b88a3432f41c844593
  f/graphql/api_client/get_process_schema: ce813ab1a2f9bd7b32ac0a5988f2c83e9439a78193ab47ac7a57e55219f231b5
  f/graphql/api_client/get_root_category: 38c5636c85365dd70455e3ce3663fa0233e2d133a10de91d821f79409d83123c
  f/graphql/api_client/get_source: 78c9ede1743a668d20360e3391302e2a8bbd5c9eacf400743bf316c7229ddc9f
  f/graphql/api_client/get_variant: be1b6df43ee6ff0eab52ae0a4ab7eac9b8e7c77401f7091d724e1b43da88d1d0
  f/graphql/api_client/get_variant_for_review: eef225e0f0ba3ed9dad8fb61e65fabd4d998b870707791e299f86beae1ba2db4
  f/graphql/api_client/get_variant_schema: 2c99664c008a1bc717e73b129b4181bbbe3dee29e9667694fc0292a499ac9070
  f/graphql/api_client/input_types: b7467f55300f61912dfd0dab4db074208e0160fe5cf994ca30d37f72bc3a32b0
  f/graphql/api_client/link_source: 2ea7655e7350a5481f10d62e856e3101f651b1f9599835ac29190bd1530cb265
  f/graphql/api_client/search: c59978b669aa9e820789dbe3b5141192a91fca2981d8bfe8c78c93cdc2e2360f
  f/graphql/api_client/update_category: 689c8d40667023fd08f2b7bd2f3865533d6d334fb94a9da0291ec782c03158e6
  f/graphql/api_client/update_change_status: 3a0d93046672bc7587841255d9730df549f290bbf8db089738b18af4358ce9c1
  f/graphql/api_client/update_component: 73f5e1b79e0662ba7e1f622f5fb1cf13502deb2c507522fac6a6e0f10d35747e
  f/graphql/api_client/update_item: ebcc0948976514bdcbdb07df583a852c7d244628a5577441da93f4e81f861cd5
  f/graphql/api_client/update_org: 431e293b69e7a6797d467b24ba7b841c837b8a64ab5fcd105fc7d47a8732e037
  f/graphql/api_client/update_process: a827f5fcb010f4533864161ab8532593f743baaca293b7abef95d7db74c8ddc1
  f/graphql/api_client/update_source: 44f7caeedddf91381ee60b27f994c59357ad3f3648976dfe9648e18487e57059
  f/graphql/api_client/update_variant: c3c9efad2ede38e5a3970397b31a2707e7a5d0939bc824bf95378248ab6a23fb
  f/graphql/schema: 898c3e94cf4f06c39eda42c10021834fe6edaae758f27be99760f9393bb29c4e
  f/manual/add_category: 37bc414ed4c72f0d9481404f058e675bf76adb0adbaeb54b15aa9da05ff3394f
  f/manual/add_items: e0c0ad080a144d4f08e7d95c4178df555412e43e01f67a1cd2fe878c321e75a1
  f/manual/add_material: 8cb2b3ba2d11f7177054353922dae8e062ac99deb543ac0bb19786c38a643537
  f/manual/categories_flow: 0c298cad19e0626a663842a0547cb20497d20042f92f17bdae81d79353942181
  f/manual/edit_category: affb2612a54181d4f865d38abfd108385558a593c7b6ca0e5cf58bb763a80151
  f/manual/edit_material: 76e13ab53bbd82746faa96ed6d13e206fc49c32538aa210a42de0cf4fc3a3f1a
  f/manual/google_taxonomy_flow: def4db699473162705d1ada12badf03b4c051648220e50a4a2af5bb46b43a861
  f/manual/update_category_edges: d7231c12171568b1f66bd86a412f91db0e033a827765b1d5d178efdcea09410f
  f/manual/update_material_edges: 9b78f76ef8185e5e1eba0da9e1f7e2514502bb8cfdcd4fad99d9219ddd293997
  f/openfoodfacts/off_download_images: 8b18b2a632141dda5a6dab6a73cd368966bc62e9103753af6dee99e5d230d452
  f/openfoodfacts/off_download_images_batch: 3316bbbf08bba7c046ea879b223e63f7152f9b406ee39d7c534485904575cb83
  f/openfoodfacts/off_filter_duplicates: 25cce92fdd1060978b846ebe88651c4856e49de6d3744016c58dcbd2fbc27296
  f/openfoodfacts/off_import_food: 93e2dbff46d61fe0663daee08ee0c6c3eefe6ff0c78983870ff9b8bb1a96cf05
  f/openfoodfacts/off_to_ducklake.flow+__flow_hash: 3c49380c2a1ae8547e610fa2547e5447acc374dcf605d1ea345c9bb59e18d7cd
  f/openfoodfacts/off_to_ducklake.flow+inline_script_0.inline_script.duckdb.sql: 3c59de5ca4e19e69dfaa718f500c7b041ee93e55eb69dbfb43af9504adf2fb31
  f/openfoodfacts/off_update_image_orders: 3f5d157ee38f1fe344393a9c44b8ff2539f3564e6a153b63436b140a88813609
  f/openfoodfacts/off_variant: 2792a04176ad720b7340215f72cfb2c579300a6da72554f79e0754b524466051
  f/openfoodfacts/off_variant_batch: e092fff1c123d2adb1b816b52b53cdcdeb5a2fb9cf1018e62c1f2b9bfc221dee
  f/openstreetmap/generators: 707c11d66976721f3f9c54c1350829a6a47085683c906926ebf5b7bb5db27b5c
  f/openstreetmap/osm: 8855f7a29d20d7f46cf9eb546f5e64e70833e419b1ed7d981849e6897256156b
  f/openstreetmap/osm_tags: 0d9dc3d5aa07e631366804bb79db76e12360a69a67e6db43c3c4741964d95327
  f/openstreetmap/tags_flow: 0b87f44797fac00c30a926aafeae36cd7c56f9357fa2e6c31f65e7dd800f2fd1
  f/review/material_review: 4b848a4667b22524ffb48d8de83d1a210f53bc8bc5435084f823a84e50824c27
  f/scripts/batch_run: 577e16be9bfc7c85803070b029310d3ab47a51f5a3251e7e779d6e90ca80902f
  f/scripts/batch_run.flow+__flow_hash: 2d10d70976ad9c1ded76b7d6620c901d16a0b83d3c515a2d415211ddd386cac4
  f/scripts/batch_run.flow+fetch_sub-cursors_for_this_iteration.inline_script.py: 187c228c6254038fcc3794cfb495b266186b44310a08c258d78d392cca86d5eb
  f/scripts/batch_run.flow+run_script_for_one_worker's_sub-batch.inline_script.py: 17567d700b05825946dbfd2697378146b8c50c1c2ecd53984d0e488d008191cf
  f/scripts/gen_ids: e9201a11b4f2b201398416660149996c885b562c679d4069a75911ecfbe0ea4d
  f/search/categories/index_categories: 325eb6c97fc8f4af9e02ec6a2a6d8f4108ad3f46e5fe43127edaa364a838a7d6
  f/search/categories/rank_categories: 769ce6d2df4d065dcf281f32b2f8c9c3cecdbb5b8353c98cb7099154921b4123
  f/search/components/index_components: 0b9fe1e701ab8c2f2b430675c6fdda464c38ec5152e63a2c0a17cb5bc8864b7a
  f/search/components/rank_components: 1ceb9e5ea52689ad1d553749a8edba19f0f0bfc0f79c71c6d200acbc944954bf
  f/search/flip_aliases: 719d6810d66bbfa196598fb6ecda81d7ac6138496bb2b7df41011ce522377ae6
  f/search/index_flow: 275f667aa01e8d9007a38850c77ede4c9abe20efa5d4119e2dbe8cdc7a424cbf
  f/search/index_flow.flow+__flow_hash: 946e8cd4bac9ef797477311e22d4136c4e4a99dc132ad36058c508dbf61dd265
  f/search/index_flow.flow+parses_incoming_triggers.inline_script.py: 8b353e7c374e1b34e15b4d4a571910fd81db3026afef725fc32d67c5d55dc7a5
  f/search/index_script: 6ef1c3cf6c1ba117fe1b55fa2f5e8daea7abeff17351b67f339df07edccc7b18
  f/search/index.flow+__flow_hash: 951e7f135dd181ee92fef68802bc6efc754f20ecb12ce7e6fe9720a7d329f4ac
  f/search/index.flow+index_dispatch.inline_script.py: 0e557e4d6e77af04df83fbf5e651419ab00b30436a2d8d8219451e29bcd0d60c
  f/search/index.flow+parses_incoming_triggers.inline_script.py: 63df53e5899503e228ac7cd93219fd5bfc1dfb0370b97556a77ec59acf1f95bf
  f/search/items/index_items: 93c74e08eb0df0ca75632406365ff721ff52c65db1368e73119b5e68ad3b96e8
  f/search/items/rank_items: 5b73beb39997a9e3e71365c4f1ab9defee9769d01f790cbaa4db76fed1a3a2d3
  f/search/materials/index_materials: fc4b3c147260835bbd1f4c9f1879c57a4e0997098f55e78f9f8eb02dcc1ca0d6
  f/search/orgs/index_orgs: 685fa2c43dff12bbc79647375d63fa424ab811c7acb5dd5727f0a9a970b40125
  f/search/orgs/rank_orgs: 3738ff7107b493970c9888b110e0c63cf5496c3c2ec98273fd14198273790c4c
  f/search/places/index_places: 2c3bb442a84bd894d8a03d47a70b844d803f244dbec8904447af52af06a5ed5d
  f/search/places/rank_places: 74fbf049b7f2c5c4b426e9624ed8718187452dd163817fd3fc164d97ed331e51
  f/search/processes/index_processes: 82b2c01a6d61ff18a49e81bc06433af73b219fee3392daff32b1ee969434e796
  f/search/processes/rank_processes: 49006b0a10576ffadd913f6cbb88a33d7f43376673cb69fe8e9f1def6cc763ec
  f/search/programs/index_programs: ff1efff5f00a1320528a6f5cab040d4be3dfc8ad98a3e36b293bbe1fae7de0a7
  f/search/programs/rank_programs: 34237d23eaf6ef0fe232e547ccc50b62ecc39081b43348f1a55f87f3b3eb2d6a
  f/search/rank_script: 2d5bebbd9c3c5ef3e6d6d2490bc0a99b7b8a1b6b8867e0a2519a151954332f27
  f/search/regions/index_regions: 53af68951ff6df7c213becfb9d4306515ddd6f6f8b522554f89ea1d0e852357b
  f/search/reindex.flow+__flow_hash: 9dc95d66bfeb5e0aa3d4ecbbeef33b1220707fea5e5f64498c9432d16211997d
  f/search/reindex.flow+fetch_next_batch_of_ids.inline_script.py: d6b8bce4686e565bff03e20e9b22a9d8806b92751a2ade18a4b8c469d75bdc61
  f/search/rerank.flow+__flow_hash: 7510727aa64f2a71413c94074fae5ea489de2da59937b8e7d62a7651e467480e
  f/search/rerank.flow+fetch_next_batch_of_ids.inline_script.py: 76f894de096dbaf3b16d9b3f18da289af1b07496b2978bd4034991543c6fc13d
  f/search/rerank.flow+rank_dispatch.inline_script.py: 01b2a4ed9026888f2401340c8a2feb22a0fbfb1e1a95f9ec0525d7c6b751ccfe
  f/search/tags/index_tags: 7dc31336ce70bf872ee751d25be3511510cfd9312062d00b922498a33281b55d
  f/search/tags/rank_tags: 827e2dd721d305af8e154250154adbfb7fe51722a8ab40d0bc49754f1a9953c5
  f/search/variants/index_variants: 23aa10acc5204bad1797f87292263931e81391e286a033fc5f589cb548b78fb9
  f/search/variants/rank_variants: d42d5f3df1619b2e99de0def7f141689256a5222b16ee2ba95c31f8b6a6ccfd8
  f/sources/components/components_flow: d7e068f3c0739ca137caf8011f0636c046ff042b209d7356b84984b4e93fd483
  f/sources/extract_flow: 7fa63e10709a765caaec450d2351a15675f5ae665fdaeb7cf1700f558e729868
  f/sources/materials/materials_flow: d710aa556aaaf4c4a90bd8aaf8fb29b272d249362fb6fd3bdbc1dd1c06b0b607
  f/sources/unstructured_flow: f12ec3ad6860c211315b57ec3354c8b07df7d570f75f4e0f06a82a3568b1b76f
  f/sources/upload_source: d69a779c58d087b38919a2b43890db02cfa99c50d5dfeea6c0d54eee0a058c06
  f/tags/tags_flow: 3dbcf59f2f47842aa3e6a514a93bdd35f4d2f0756f0f9a6bfdae8872391b6870
  f/test/cleanup: 655b428a93b686b68924b5ef5c31b270c6ce46eb521ac49492c2ef4fc5837cd6
  f/test/framework: 275bee1b11cca99eea045a5516e3cb91ba6798088289528cbb0aafbdc7a878ed
  f/test/github_status: a00012d2c7b2f3e01414993052fb07da30c73aef4d6d73513b5d4e072cca5b01
  f/test/run_tests.flow+__flow_hash: d30db371311074144bd3a64c0406a5b8f53338f5d7ce58ca00a96310aa59ccc9
  f/test/run_tests.flow+discover_test_scripts.inline_script.py: 03671141dfc9920b434dca16fa993b61725893f87bb89c80e2e14834648c95ff
  f/test/run_tests.flow+format_results.inline_script.py: bb20a828293a83c742020c137fddfbcb7cf6290c3d54df8d8e1ab9ea4209b278
  f/test/run_tests.flow+run_test_script.inline_script.py: a4ecdad7ed13806cef2f6f72d7bfff435c7b91bb9d07f8480786ac9a35c40b3f
  f/test/run_tests.flow+safety_check_-_verify_test_workspace.inline_script.py: 346589dda9413635f97c0a3c8445398eeb1aa992d0a90dd2b5dae63e8c679399
  f/test/test_changes: ccb54b3cd94ebae45a53ae7ddd0fbf43e3e90f2cacf5c3dc58145940c2fc5963
  f/test/test_data_pipeline: 2843d2c28e18e76e21cdcdbd9fb003559aec048024570637992bd77a841e5421
  f/test/test_openfoodfacts: d3d939d68383a44d749c231ac36b84480b1e329736adb1f12ea5c4690e667a8a
  f/test/test_search: 1f6afa74fa2ad4b2d101b3603cb0c3f347bb22de852cde6ccc555778eaf1c9b2
  f/test/test_utils: 7bcc37a693a1fc777653e5bf7d48c2afb97379c46ef7771c2e9cd7479a3a6e14
  f/tests/run_integration_tests.flow+__flow_hash: 7f693984ab257e4e55f579a5dc1a7f8facaa1d8ea503a533d4ff90bb52cbf147
  f/tests/run_integration_tests.flow+gather_integration_test_files.inline_script.py: 79e5690772064558bc77bd2ec0e9cf3cfb18efdfa0d927bc0e4df5b0b3aab8b0
  f/tests/run_integration_tests.flow+run_the_test_script.inline_script.py: 818dca50c986c340350abb3229f72ec645442367afee64c08c1a6c36f912ab2e
  f/tests/test_utils: 938689a6e65d804fdba7abc5329c3d9e8804277b51ea67af2db0e046d0acd892
  f/utils/__init__: 9cf12c4d7e9613edbce79a5a2f6e8b96fbb0aadb8405bad2c3259ba05990c26c
  f/utils/api: 1c69063fb294d4123471ab14f0a5054f33b181271adf27938d96c1ff58590304
  f/utils/db/__init__: 86ca230a09983540b728ede77d93c3b00e78a58c8f228704ee429eb36d37e618
  f/utils/db/crdb: 33eccf82faaac3c0103b3ab608eea3a55cea0468f1019e5407703ef1070b631a
  f/utils/db/meili: 7fbd18dd0a6968515293b4bf660b099f56753647b7b0cefe30c680c1e38780ed
  f/utils/db/typesense: 03d67a80cc5789ba3bc941d45b566ba6a55e54d11b02a0af32656c1efa9ef6a4
  f/utils/extract: 49981c8963d79ec3219b292f28b3ae4a5c42222490e4579eb1af999cea552d42
  f/utils/general: 9f64ebfbb83cf105f9ee3358409f8438a735755b72254ec1d39d69ba5af0bf96
  f/utils/git: d9a6bef82ea424a724ef10fdd8834755eeabfd7281809b155862379d1bcece77
  f/utils/lang: 8a2d922fdcef6b1067e85d54317039c808ee8264a93af5f8e53eac662c618ed0
  f/utils/log: 48f7d1913142f17e18e463b023f50d817601332850818d6beb09d44e8806d5cc
  f/utils/s3: b1ee2bca74dfa9b96b4a665bdca43fd22ad8311748ac0b16d07b780737b29205
