version: v2
locks:
  f/categories/categories_flow: 9654cf6f05fcd02effbdfe3be7bb643857f2d14635139e4fa17f21d329ed42b3
  f/categories/google_taxonomy_flow: 195ce54b1f231b93bb85cdb22853b1a83a75ffbdcc1fb6ac64734acb5843ffad
  f/changes/ai_review: a20c733cd8b54ce629a4e7c02589dd147edbfee94a3e4cee517e5113fef78602
  f/changes/ai_suggest: b89c1d782a956368441b4c3fff38579380ef03ba16f95c4254c380d78cacd9bb
  f/changes/analyze_category_edit: fb9b4af688546cd478fc25f0ed8c27b77db756dd4847a36a187b531f8a9bf65c
  f/changes/analyze_component_edit: 89e862248ea315b2ee65df2f3a4de1ad844782a27a2196d6f3cf9dfbf4f0b7d7
  f/changes/analyze_generic_edit: c8516e7dc73c055edd541e83b5b4071c4a78e1d79cab697ae31b7f502f7abaad
  f/changes/analyze_item_edit: 53f9327186297825879179496cfb48939cbeffad2127311cebb375de8f9b2c6c
  f/changes/analyze_place_edit: 2964934879f2400a11f552b1d2a90e7c04ed3679a5131dda51c831e5244cffbe
  f/changes/analyze_process_edit: 6ce7f6ef748f23b5ca0756e1bd921674ea1b0e533b7569af6dc64309dd97b712
  f/changes/analyze_variant_edit: a15654028b1f4585594c81f2a63b842b798a0e6e0399034e9a74bf6f266759f7
  f/changes/auto_suggest.flow+__flow_hash: 44136fa355b3678a1146ad16f7e8649e94fb4fc21fe77e8310c060f61caaff8a
  f/changes/review_change.flow+__flow_hash: fe12fe1f557159665173bea9d36994a4e36ae39d77abac8ab24ccc20a7a7866a
  f/changes/review_change.flow+fetch_change_edits.inline_script.py: fef7059e043047ef2a0b5b9b26ab437d8ade61f566d60ed7334fa7fb770ffd58
  f/changes/review_change.flow+write_review_results_to_crdb.inline_script.py: c530961b814369329812d217170309a2a0e569fca8dbf77e3d7e195a7854a608
  f/changes/review_edit: 2fbe70340aa2aa113653c61cb5bc62dd83f2e10c11d02ca0111290295a0e7b66
  f/changes/suggest_fields: 4c2bfefeea7eba38aa2eb244c01b4edb29b5c6ea8ea9a6f9c3caf135c00171ae
  f/context/category_context: 46351c4158240bc2c480ee2d269cfca7363a09b9584e25cbdcc7c1f689e27f91
  f/context/component_context: 36c25b4733f291b2985777853581f0bf44432aaf316797b4babf5797090c0992
  f/context/context_types: d6f7f77bda3243fdea419b15ea1b6b6695c9b798ade00f78a9528486db4627f0
  f/context/generic_context: 3cb5544a7e5a3c6c96119fc136e879b4182cf1ef067c8167824562420b84d8e2
  f/context/item_context: 3710dffcf0d7d998e4e7eb359a509fce69794df1c07047677ac76980e250f6f8
  f/context/place_context: afbee7bb1660c38f2103b990c25afe365b4324bf76dfec77d530f78a68460d1e
  f/context/process_context: f3c688ca42f87503e9464218d0306ee5461a26982249c40be6a4524a5c9dd104
  f/context/variant_context: 80792c62f9f5aaa2b384d34861754351fac648f4c87f91cd9ec6c5b6f6bc34c5
  f/db/base: 1787188fe181c7735b0d1e2f0143e1975dfd157f5efc89bbcef976e74e2af64c
  f/db/databot/model: dfd19b49e70adab332b39acc53363eb3efc4f86d83e1eb5daeea0e070dc5f821
  f/db/external_sources/model: c1192129d9d203e7915dc33bf300ce40fb47925a01a4e92d78ac5aecca1e5a16
  f/db/sage/model: 89bf8aa6260bcac0371c214a41059b5271a6e8854bc3e6119ae3defe808151f4
  f/geo/import_whos_on_first.flow+__flow_hash: 3e9a5343b550a568e5812aedd61f454dc3da920c8c9165afa507ceaebc785c62
  f/geo/import_whos_on_first.flow+load_whos_on_first_data.inline_script.py: 08231a747c2c0f85bdbd3d2defbe0dc885d27b36398cf482299792e9a92e5f3a
  f/geo/import_whos_on_first.flow+transform_and_insert.inline_script.py: b6a71798a6655dfdb1b1bb1730125ad9157011c305b8290de009f2ac61a7154f
  f/graphql/api_client/__init__: dcb95cc2c50d5b899b9270298d314d9b8ba05e432aa918a85c9421f9554609ef
  f/graphql/api_client/add_item: b8a64a785966f9dce4a454a349656dfd3aa8d6f4c4985728cabf89f6dbeaa840
  f/graphql/api_client/add_org: 3a328a4b8587a2f5a3c5b225b9fd53f5f9439eef6d643a5e02aad9c1cf0c6487
  f/graphql/api_client/add_source: bce540fe51f083be3c1f44e64762c46ba03ddd936d4d581d05fc0e4707469ba2
  f/graphql/api_client/add_variant: 29eaf808ef34df0ffa9dc889370f0a2927cf88c353e29227d05bbf98c9281c9a
  f/graphql/api_client/base_client: e63f22ac35a7de4e91b57897e585431e997b22f0c6003577ab0be18d7f2deeef
  f/graphql/api_client/base_model: 11fc90964fb848b40ed018ef54a190ebaedd12f92c6f73d763ac9d75ac3c9c01
  f/graphql/api_client/client: e3f6ca92c328fc54ca23a89f432730391f4ceef7886302df569255946b5c80b1
  f/graphql/api_client/enums: e1b7055063800da7a141451d8e7cc9af05862e12bf7ce21b60d69b624096a3cb
  f/graphql/api_client/exceptions: a59365945efc71d48f6f8e58a33f17d82693cc09976bc65ae7b17aa544705b8a
  f/graphql/api_client/get_category_for_review: 7aa0df057f7c244d8b96cdc3f42102765a0228b4995813c6eaac84fd4867d0f7
  f/graphql/api_client/get_change_for_review: f5bc1e0fa511fe7fe75e9fab6c0ba31fbaf15c95710ef5e2f06911a200d55885
  f/graphql/api_client/get_component_for_review: ac91d1459b3213df91d325d7b2130fbcdaddf759b15f2ee759aee8591342f7ac
  f/graphql/api_client/get_current_user: ef6ea9b26f2abbc96f09bd448147f6069924db4e3577a7eefbcca3bcddfbae86
  f/graphql/api_client/get_item_for_link: a98a5f11c8f220de0bb06fa470bbdbe86bef7620de16049b93ff3b2bb2c0adee
  f/graphql/api_client/get_item_for_review: 36e420465d61599b2529471261a14d470c119b96aff0981c43559822fb4f899a
  f/graphql/api_client/get_material_for_review: 5d9ee9b8c0f929dfe48cf00020aafa3a98b3ad72279846e3faa34b3bc2558b47
  f/graphql/api_client/get_org: c829cf4bc4fd71685f1e6f52b2ccfb25a91d511237af3c733dfee33d6b923e88
  f/graphql/api_client/get_place_for_review: 6be72097c806e4b40b8400bc4b7e1adcf0be5d2933c5b77ad89bbc70a7b7b88a
  f/graphql/api_client/get_process_for_review: 4f41c3aa506f197d62739e431b410d309ea35c50b1759108a40c359e45c8f71f
  f/graphql/api_client/get_root_category: 94232bb909cc6a98fa794408a2aa5095f64935a70ead73f8bb9d218e424d7b5b
  f/graphql/api_client/get_source: 2d19477e5c156d8a15433320c47cefc34a02c43a58f7ad2df6d8ae364469d396
  f/graphql/api_client/get_variant: c72d6e0d2ca03242d1918b5ee7850bda42e4eebd3f3fccb25ea5654ca3dc6427
  f/graphql/api_client/get_variant_for_review: 1296ee69d5898d41f438f7e07b78a571c1db219a01262e1730493feaaad69603
  f/graphql/api_client/input_types: 6b9aa59b452acc33123b363d7d2ec552c84f961189bd3b2ea9e0cdb1acc4c899
  f/graphql/api_client/update_change_status: 1c5394dfa035cb4fc9fbcdc46f58685ce23860827ab45c9055b0bb6c213acdd2
  f/graphql/api_client/update_item: 508bef4fb4af149624d57a50f002a60ea2465daf423e971fa03ca5be17b637d4
  f/graphql/api_client/update_org: 1fc2e44b9cd3c4fb3286dc49e60ecfda50466fcaddb48e62d14c43d125f3d3c9
  f/graphql/api_client/update_source: ada7d37d550b027a9949e8e8b2857e1ae84cc4c210b9bc7638fdf2a638b9a0c6
  f/graphql/api_client/update_variant: 75b1eba19d279329b6e3d424931ef253343a938e05d22522d5b31d86c35ee858
  f/graphql/schema: 8fe220ee3b6f69024cdd651c7706ece4fc0f3c6532e29b5354cc6859e116dc2f
  f/openfoodfacts/off_download_images: 4a920cb6c2d3e5f05721aceac61971e7ac4632cb7815eb3e67ab7a9c4e3919c2
  f/openfoodfacts/off_filter_duplicates: 1257a61303bbfcc20346b7510dd6aaf13251630bdcc8c772f139216f5ddd18dd
  f/openfoodfacts/off_import_food: 93f9682067a94e89bb61d3544f4c04839e27a2ac1bd796c4726b5b6f0c83523e
  f/openfoodfacts/off_to_ducklake.flow+__flow_hash: 3c49380c2a1ae8547e610fa2547e5447acc374dcf605d1ea345c9bb59e18d7cd
  f/openfoodfacts/off_to_ducklake.flow+inline_script_0.inline_script.duckdb.sql: 3c59de5ca4e19e69dfaa718f500c7b041ee93e55eb69dbfb43af9504adf2fb31
  f/openfoodfacts/off_variant: d7a96c0115e4d731f5de22ebd150fc0a17b863969ac711ae4ead4239993dbfbe
  f/openstreetmap/generators: 1825793c3be86955f9f0b770e168bf2a4acb3d13461113f0407a6a049e1e4366
  f/openstreetmap/osm: 52c1bc78f24afc170ba4939b9db73a67a55467730c68453f80a8c2a1ab5d409b
  f/openstreetmap/osm_tags: 809a89b5cc10d7f02e7d663265e66ab1020405027224e2b50c58c1bebc743604
  f/openstreetmap/tags_flow: 61693fd43ee5fd504e4e2af63b92cac1b20de07e14918e797a463bd6b8d7667c
  f/scripts/batch_run.flow+__flow_hash: 5846ec8e4ff32d946fb04c5e416004da485def108e4d7a332a795eb9711f9f18
  f/scripts/batch_run.flow+execute_sql_query_and_return_rows.inline_script.py: fd73d66e91b2ed3b6462e85b20705b71e57a5919edc4229a6fb62e385ad32785
  f/scripts/batch_run.flow+run_script_with_row_args.inline_script.py: 91d21da8085e454adca4ccbbcba807214c75a80721b7bb9c9a53bb0bc45bbe3f
  f/scripts/gen_ids: e9201a11b4f2b201398416660149996c885b562c679d4069a75911ecfbe0ea4d
  f/search/categories/index_categories: ac6377544821dfd89d0c2028256d33cc69e31d35cf8d36fe200a5101e668d8ce
  f/search/components/index_components: 300d5dbc6d764ace18e49057987cdbe0d403698345ee050a11d4bcdb9ae8ae9d
  f/search/index_flow: 275f667aa01e8d9007a38850c77ede4c9abe20efa5d4119e2dbe8cdc7a424cbf
  f/search/index_flow.flow+__flow_hash: 946e8cd4bac9ef797477311e22d4136c4e4a99dc132ad36058c508dbf61dd265
  f/search/index_flow.flow+parses_incoming_triggers.inline_script.py: 8b353e7c374e1b34e15b4d4a571910fd81db3026afef725fc32d67c5d55dc7a5
  f/search/index_script: 3c791b28413c70ca35cb05f4f94de281cf9f1186db72af1d67c4d0fb103e5c0b
  f/search/index.flow+__flow_hash: 946e8cd4bac9ef797477311e22d4136c4e4a99dc132ad36058c508dbf61dd265
  f/search/index.flow+parses_incoming_triggers.inline_script.py: 8b353e7c374e1b34e15b4d4a571910fd81db3026afef725fc32d67c5d55dc7a5
  f/search/materials/index_materials: e9f32357b70fd947d20b00cd4d175dfb7f115a8930b34dee7c5710f1a32d12bd
  f/search/orgs/index_orgs: 95cdc3599ea5876baf48002e0dadd40af2aacf8b6f6563bb2412e7b776ebcf16
  f/search/places/index_places: c3380227d3951675f81de88aebb8007f18ad87e01217d46e7f156f2b63cd7ce8
  f/search/regions/index_regions: 6f60a4687161a2a628d11221690fc9d6888267bc2c395d68aec14d930cda1f93
  f/search/variants/index_variants: 71fa8a7d006ef586d8f9ac79071911363a4c4bb14bcf3990128daaf3e62b2cca
  f/sources/components/components_flow: 3dcc9c23197350a03d67ab15f99f1970e170ac7062e63e1ecc9ed94d58902f3b
  f/sources/extract_flow: 7fa63e10709a765caaec450d2351a15675f5ae665fdaeb7cf1700f558e729868
  f/sources/materials/materials_flow: f8cbdd6f9a70dc46e1f95b5ffde25f9d5a7089d0909ee21014103e253cd6d367
  f/sources/unstructured_flow: 26d804e024f96ad9d0c81bfe1a0c0aab42b6639bc0d1bc76aab2fa2f8a8e2203
  f/sources/upload_source: 4de6471497e0ba0ce1818a358e354a0a907f7a94358f7d980df098c06e3a0842
  f/tags/component_tags: 956e24bde59cb406bf69abd37a25f578e701b0adcf6946a79e12968b009d5f0c
  f/tags/place_tags: 8078769ea41977daaac035624bf1a57f06453a892aee7a40f650eb655705f160
  f/tags/tags_flow: a4a4823b4b73bbc7721b11c6642f57346eb6ee4c5b89453c8b33353a98dea585
  f/tags/variant_tags: c597dd3c18b2aee8d34ddcfcf645d851e14f30d817e2a5c00914ad8fe8af88f9
  f/test/cleanup: 8a5f9adb88a495267a7333eafc9b8c62400572d1f33ee257d398aea2368e2b86
  f/test/framework: 56c8cbad321939ccf383e0d75a569d4e881a96f13653f9a8cad350b1ff456ca7
  f/test/github_status: a00012d2c7b2f3e01414993052fb07da30c73aef4d6d73513b5d4e072cca5b01
  f/test/run_tests.flow+__flow_hash: 2f32236378d9848be58d0c3fc351b5085b48a80432353e1393082a22225205a9
  f/test/run_tests.flow+discover_test_scripts.inline_script.py: 03671141dfc9920b434dca16fa993b61725893f87bb89c80e2e14834648c95ff
  f/test/run_tests.flow+format_results.inline_script.py: 6fb1fe598626c4b90d2e836fef0759857e5fd18fab235e2fa7d0bc506a71def4
  f/test/run_tests.flow+run_test_script.inline_script.py: a4ecdad7ed13806cef2f6f72d7bfff435c7b91bb9d07f8480786ac9a35c40b3f
  f/test/run_tests.flow+safety_check_-_verify_test_workspace.inline_script.py: 93bb96302620ed7a62d4f4f43a5fdb90d05f6538ce5d146d5d00f9b72ed62f1d
  f/test/test_changes: 2e12f10fc60d6456aa1e43beffe085f47aa24ec837df266b544d73be2d0cd59f
  f/test/test_data_pipeline: cca4f29c70d8851aba71eeb35751402a346b45eef7f0f5777dd78d5bc06431dc
  f/test/test_openfoodfacts: 54a0ab4a06ec380d260a0c05da9d20e4a7eafa8e9fb3ffe34a9b76ac1fd2a010
  f/test/test_search: af0726e693e6cbb3956d7630d34aeb1a071a3d0b74f22d8eadb054016d62a6fa
  f/test/test_utils: 2953ffa2095c174cd4a5bbe9395c75f8cfb340af5f519cb2e739407657d7998c
  f/tests/run_integration_tests.flow+__flow_hash: 7f693984ab257e4e55f579a5dc1a7f8facaa1d8ea503a533d4ff90bb52cbf147
  f/tests/run_integration_tests.flow+gather_integration_test_files.inline_script.py: 79e5690772064558bc77bd2ec0e9cf3cfb18efdfa0d927bc0e4df5b0b3aab8b0
  f/tests/run_integration_tests.flow+run_the_test_script.inline_script.py: 818dca50c986c340350abb3229f72ec645442367afee64c08c1a6c36f912ab2e
  f/tests/test_utils: 938689a6e65d804fdba7abc5329c3d9e8804277b51ea67af2db0e046d0acd892
  f/utils/__init__: 9cf12c4d7e9613edbce79a5a2f6e8b96fbb0aadb8405bad2c3259ba05990c26c
  f/utils/api: 01a60c40d9c6d60a70f89f0198426bf7e6f6775ff1b2cfc2f48d3b040d7879b3
  f/utils/db/__init__: 86ca230a09983540b728ede77d93c3b00e78a58c8f228704ee429eb36d37e618
  f/utils/db/crdb: 97259c2427cad38fb39ab3c37b3fef9be9c10e9b9f4c01494f3fdc551dbd506f
  f/utils/db/meili: ffe4cba3c75d44a5956e9006e2fd1937ab37842afd8727c8b9191006ca670927
  f/utils/extract: 6ebb02aa39434db91ba421b7d82342331d553054114b04ca45431d489364ce86
  f/utils/general: 83028b99e66ce7f00341ddb8a32fddaaaee722927eb1b7dea3156ccaa6967b3a
  f/utils/git: a16750c3d44fa6b41be3be92f81ec835c7e1052003c13fd1da32b1f28a7d7891
  f/utils/lang: 25fea2ec8c2e5dcefc127aa37a7981c577f37b27b0ef0ab2ce2da864678992a8
  f/utils/s3: 4eedf570b2ee81a29d2a5e4b6687f66c4658733f693e71714a930acd2c8ea269
