version: v2
locks:
  f/agents/toolsets: 49f8c73ab1d822deb67793b985babbccbc33aecca03a0bc8255af000882008d2
  f/categories/categories_flow: 7e09d3857f6090bb5aa4fc58a72e5d082cdfbdc73159778d13b3ac52ade08987
  f/categories/google_taxonomy_flow: 3212b818c055f2bc4de7423b6fab761c2410785691832fa3b75f90e331f8ab98
  f/changes/ai_create: a84cdb7b66bb9ed427639320c4044eee1f725af7baa9e1591bde943a4f24ce30
  f/changes/ai_ref: 3d4294d6c44eab3c95a0ba49902d538f55fc409af883c2779d7356d3a30117af
  f/changes/ai_review: 841c291404bdd13139606a6440a30fcce21af0b0baf66175fe94b894f0234380
  f/changes/ai_shared: 9234063d36525790dbfb78d7ba03ccd0ec868ef913c8a569cc7ed7b53f6054b0
  f/changes/ai_suggest: a441861d991955bd596dbb77aac75bf3d98253b1b6215a2394d42e3489ca2cf7
  f/changes/analyze_category_edit: fb9b4af688546cd478fc25f0ed8c27b77db756dd4847a36a187b531f8a9bf65c
  f/changes/analyze_component_edit: 89e862248ea315b2ee65df2f3a4de1ad844782a27a2196d6f3cf9dfbf4f0b7d7
  f/changes/analyze_generic_edit: c8516e7dc73c055edd541e83b5b4071c4a78e1d79cab697ae31b7f502f7abaad
  f/changes/analyze_item_edit: 53f9327186297825879179496cfb48939cbeffad2127311cebb375de8f9b2c6c
  f/changes/analyze_place_edit: 2964934879f2400a11f552b1d2a90e7c04ed3679a5131dda51c831e5244cffbe
  f/changes/analyze_process_edit: 6ce7f6ef748f23b5ca0756e1bd921674ea1b0e533b7569af6dc64309dd97b712
  f/changes/analyze_variant_edit: a15654028b1f4585594c81f2a63b842b798a0e6e0399034e9a74bf6f266759f7
  f/changes/apply: 7f94d01a7b70a8b56d75b965a86b1d1fd334d3539754ddfb1ea21f77e51f0b5e
  f/changes/auto_create.flow+__flow_hash: 44136fa355b3678a1146ad16f7e8649e94fb4fc21fe77e8310c060f61caaff8a
  f/changes/auto_ref.flow+__flow_hash: c6198735676a63f2561318c045e807745a95dd19ef5ab4d9ccfcf7d156a8212f
  f/changes/auto_ref.flow+log_no_ref_found_and_exit.inline_script.py: b76edce366f08196113f8c64c84e14c5bdde9dfe40b5811c8e14d71aee27d2af
  f/changes/auto_suggest.flow+__flow_hash: 44136fa355b3678a1146ad16f7e8649e94fb4fc21fe77e8310c060f61caaff8a
  f/changes/review_change.flow+__flow_hash: aa52629f8f32341852b835cce1e2623f9275c22f1d5c9219346c5fb3426879d3
  f/changes/review_change.flow+fetch_change_edits.inline_script.py: be6f3c7367f809195fa8a107ce370c9c7bbe077484f38b9d9700f3aab78dbab3
  f/changes/review_change.flow+write_review_results_to_crdb.inline_script.py: f5ce932f30686d5789433564a2c87ea45bd16f03eca190476525c48feb730db3
  f/changes/review_edit: 97aa27ada3899c1790124cf1973eda58633a3ea5044dda59c0d03d7c5c1c9f8a
  f/changes/suggest_fields: 4c2bfefeea7eba38aa2eb244c01b4edb29b5c6ea8ea9a6f9c3caf135c00171ae
  f/context/category_context: 9eb1533720e843c5b54949f49c6d045fd94fc9607aa57f3165872429fb6f488c
  f/context/component_context: 94e873230f878f2674f87d29a50a8f29264a3e72dcbf741de43cc68f00c9b488
  f/context/context_types: 706d1b8090f1815a443c6cda50c1c51369fca27166629d5963e2cbb5038a4117
  f/context/generic_context: 2b830366a9b3ce2ef47f8b8b8c5d5cab564c6296ef796022f48738024b6d5f3e
  f/context/item_context: fe3ff3f91adc9440f220d856800177f4a2a9652e18ce390418c607eacc369e1e
  f/context/place_context: 25af914583b1aec9be3348c2ab872d57639e2bf8fe7cf7fa8828f27b3191c1e9
  f/context/process_context: 98b3ffa06779443cb00b8f09c0cce6afb31ad8d8366f5af2223ade8ba309ceba
  f/context/variant_context: 08e86f6b850c0ede4e9585f7b6a48fa13ec18c30dfa13154b51d30da974183f7
  f/db_config/setup_changefeeds: 5188bf52d65d03b5d99190150f533debacecdf44cee8e9e8d9e220bdf60aeb6f
  f/db/base: 778c06b1ba60d9232f8277e05166f9816c9d2c4e6e838e6b0796fcc74569554a
  f/db/databot/model: 85ffe5d59a9a9211650ff3a4045defad6e4864e95bb36d4d659446bca813365e
  f/db/external_sources/model: c1192129d9d203e7915dc33bf300ce40fb47925a01a4e92d78ac5aecca1e5a16
  f/db/sage/model: 93e37408dca8be328f2d089974ac6852e34cdf9a55a7e89491afb5a1a59ff690
  f/db/setup_changefeeds: 41da2319dea2ad7acac2d0f4b13fb0d28bf23ea8ce37f9b5d5295855a395fa4e
  f/geo/import_whos_on_first.flow+__flow_hash: 9af8a17840b25775606648bb2b4f52d5a089c35d9e80488e6330db0af2e390af
  f/geo/import_whos_on_first.flow+load_whos_on_first_data.inline_script.py: 66fd12e9b1887f7bc6f20ea08f06419fbb47fc05ba2e2075ea2b3562b6866352
  f/geo/import_whos_on_first.flow+transform_and_insert.inline_script.py: 81a86278434b500c10ef1698e315c76739945b21279337d3e912b00da1e6675c
  f/geo/import_wof_countries.flow+__flow_hash: d4b170569cf3ac3f573585134744b717c317d2c6e43e49fc9dc25fb1dfaafaf3
  f/geo/import_wof_countries.flow+load_wof_countries_data.inline_script.py: 6d1725efd284cded675c77c9414e2b3df051dc1260fa078e331993fd7971af47
  f/geo/import_wof_countries.flow+transform_and_insert.inline_script.py: bb6fd2bc75bedda767d70d64d773539bf583f04e932dc6579adb69f18c7529ca
  f/graphql/api_client/__init__: e83f99ba2876b9e428856d790a6bcebde0dad727add255202fa98684c5e0bb69
  f/graphql/api_client/add_category: dcd552918908ad819bf82c64c540a0dec376ac89dc086b6a305ba8d54090f6f7
  f/graphql/api_client/add_component: 73688266abe6f794ba8630c2c24333a895c31fe9d34fea76378e2f118bbef3ed
  f/graphql/api_client/add_item: 05f58761d6188652cc1228189cd45d4cb444e4ad13169280a07f8b8bef04f410
  f/graphql/api_client/add_org: 3a328a4b8587a2f5a3c5b225b9fd53f5f9439eef6d643a5e02aad9c1cf0c6487
  f/graphql/api_client/add_process: deac6098edc7f55e6a0bbddf7e1366665e9e38a7bdb0a85f80a09a2d3e7cdc66
  f/graphql/api_client/add_source: bce540fe51f083be3c1f44e64762c46ba03ddd936d4d581d05fc0e4707469ba2
  f/graphql/api_client/add_variant: adf1ffddcfd70cef7534bdc1730d36ba969afc85d45fc29a44c287c123a26393
  f/graphql/api_client/base_client: e63f22ac35a7de4e91b57897e585431e997b22f0c6003577ab0be18d7f2deeef
  f/graphql/api_client/base_model: 11fc90964fb848b40ed018ef54a190ebaedd12f92c6f73d763ac9d75ac3c9c01
  f/graphql/api_client/client: 6ee1218b05e1af3bdea1392f950397c705067b01e916958b1b788c74042c6baf
  f/graphql/api_client/enums: b70b580c3d697a8e2ca08c3e106baf9e2fb224dccfb340ac805737762ef96a79
  f/graphql/api_client/exceptions: a59365945efc71d48f6f8e58a33f17d82693cc09976bc65ae7b17aa544705b8a
  f/graphql/api_client/get_category_for_review: 7aa0df057f7c244d8b96cdc3f42102765a0228b4995813c6eaac84fd4867d0f7
  f/graphql/api_client/get_category_schema: 4ce9fe52e15f6c78b9075ab34def310fbf4ca67f27a9cc314bead2b14d0fbaed
  f/graphql/api_client/get_change_for_review: f5bc1e0fa511fe7fe75e9fab6c0ba31fbaf15c95710ef5e2f06911a200d55885
  f/graphql/api_client/get_component_for_review: ac91d1459b3213df91d325d7b2130fbcdaddf759b15f2ee759aee8591342f7ac
  f/graphql/api_client/get_component_schema: 76d2b7ffef27b5ac072d86ab338ce9751bf77e38d56ec19e5bdc38e8caedada0
  f/graphql/api_client/get_current_user: ef6ea9b26f2abbc96f09bd448147f6069924db4e3577a7eefbcca3bcddfbae86
  f/graphql/api_client/get_item_for_link: a98a5f11c8f220de0bb06fa470bbdbe86bef7620de16049b93ff3b2bb2c0adee
  f/graphql/api_client/get_item_for_review: 36e420465d61599b2529471261a14d470c119b96aff0981c43559822fb4f899a
  f/graphql/api_client/get_item_schema: 8037d9a155be359fb7a31b415d649691c19df86cd5f6e61de201783ad690a480
  f/graphql/api_client/get_material_for_review: 5d9ee9b8c0f929dfe48cf00020aafa3a98b3ad72279846e3faa34b3bc2558b47
  f/graphql/api_client/get_org: c829cf4bc4fd71685f1e6f52b2ccfb25a91d511237af3c733dfee33d6b923e88
  f/graphql/api_client/get_place_for_review: 6be72097c806e4b40b8400bc4b7e1adcf0be5d2933c5b77ad89bbc70a7b7b88a
  f/graphql/api_client/get_process_for_review: 4f41c3aa506f197d62739e431b410d309ea35c50b1759108a40c359e45c8f71f
  f/graphql/api_client/get_process_schema: aa5a6baecc46f71dab63340b178b151e47d99de4c4b690b488ec2a7b383a1c6b
  f/graphql/api_client/get_root_category: 94232bb909cc6a98fa794408a2aa5095f64935a70ead73f8bb9d218e424d7b5b
  f/graphql/api_client/get_source: 2d19477e5c156d8a15433320c47cefc34a02c43a58f7ad2df6d8ae364469d396
  f/graphql/api_client/get_variant: c72d6e0d2ca03242d1918b5ee7850bda42e4eebd3f3fccb25ea5654ca3dc6427
  f/graphql/api_client/get_variant_for_review: 1296ee69d5898d41f438f7e07b78a571c1db219a01262e1730493feaaad69603
  f/graphql/api_client/get_variant_schema: db1790aef4b892563a887bd5d38cb399dd47dda816a7dac406a5d4aff3e238c6
  f/graphql/api_client/input_types: 837e6f30ba1d630c41af18f9b25f3b528f461fa3f8b29b444890ac6ab6de2c66
  f/graphql/api_client/link_source: 9ed84708cebbb4cbe6b9e6dc49c77331e9a28e84a44231976318f32c360f2d99
  f/graphql/api_client/search: 9abc3d77910462d21747347060d4bd75be9433d8e181480beca7585cf4729e4f
  f/graphql/api_client/update_category: ba65407cd79d7d6b2b751216b95eb15e17a2fe68524e132c9e2817e956020774
  f/graphql/api_client/update_change_status: 1c5394dfa035cb4fc9fbcdc46f58685ce23860827ab45c9055b0bb6c213acdd2
  f/graphql/api_client/update_component: b8952858c7e72c1a308eedc1cf4911bea9cb6833a05e34a91b90f6bbc79f8672
  f/graphql/api_client/update_item: 1c4ae9bfb5773bdb7a6e576228e6b458cc0018c1e895cc7cd406108f9506d859
  f/graphql/api_client/update_org: 1fc2e44b9cd3c4fb3286dc49e60ecfda50466fcaddb48e62d14c43d125f3d3c9
  f/graphql/api_client/update_process: 5a7e8cba28452027fcf415f583e66230cf0457338133fdf9cdb77deef3d7d462
  f/graphql/api_client/update_source: ada7d37d550b027a9949e8e8b2857e1ae84cc4c210b9bc7638fdf2a638b9a0c6
  f/graphql/api_client/update_variant: 0819c3d2b20935051fa596f467e53e383c670d6dee43a2b6cc77e09a45c50b46
  f/graphql/schema: 7bf1d448e03fe29e50c272d9b8c90c6ce6e11df562ef7f8ceb9de84b0d87737a
  f/openfoodfacts/off_download_images: 434f8f179e0faa8a0f8c6a061fb2ac51a8c12774fb0b627f9934d0e4dae3e178
  f/openfoodfacts/off_download_images_batch: 5bc1fd077dc4b44fbd408fe4b5680adf1b8844f7574a8dff9bede22248de752a
  f/openfoodfacts/off_filter_duplicates: c314edc59766a80bd2d770043343f2530962e828bb2387c0717191803ec9d5e7
  f/openfoodfacts/off_import_food: 2f0d38b22ca1324aabaf7a1e6cb16e3e4e450a6adf4a77ff23c5b8bbb4a00a90
  f/openfoodfacts/off_to_ducklake.flow+__flow_hash: 3c49380c2a1ae8547e610fa2547e5447acc374dcf605d1ea345c9bb59e18d7cd
  f/openfoodfacts/off_to_ducklake.flow+inline_script_0.inline_script.duckdb.sql: 3c59de5ca4e19e69dfaa718f500c7b041ee93e55eb69dbfb43af9504adf2fb31
  f/openfoodfacts/off_variant: 48da9d65c0cb4721f39c9ffdf62ff76a8d82b55b069520e468805f1d75e75e62
  f/openfoodfacts/off_variant_batch: 6fc743c2a8c81ada6b1800c959b180a57082804ca08f11818792a71ecf105f25
  f/openstreetmap/generators: fd147dfbb2ae9f6291d13496f0d2207d5eaebd50ff7b2723aedf9d164cfc86ae
  f/openstreetmap/osm: 19f44b40d75f0ab4ec74add1307661cd2f5d20c9ff99bc453394c042c5437beb
  f/openstreetmap/osm_tags: 809a89b5cc10d7f02e7d663265e66ab1020405027224e2b50c58c1bebc743604
  f/openstreetmap/tags_flow: e848be7f28235d365caa0a8a73b70f275825dd5ea80e04baf340e1aba76632f0
  f/scripts/batch_run: 577e16be9bfc7c85803070b029310d3ab47a51f5a3251e7e779d6e90ca80902f
  f/scripts/batch_run.flow+__flow_hash: ddb1a668ce4a7883865b75fd8e63c2325804b0fda2f45c43170e0e38a3ec890f
  f/scripts/batch_run.flow+fetch_sub-cursors_for_this_iteration.inline_script.py: 11d8b7e4adc04b6e8dc1916f13f118234a4a79a01d2a90600807eb486c32ede0
  f/scripts/batch_run.flow+run_script_for_one_worker's_sub-batch.inline_script.py: 5cb4e4efb58fe21304d169ad5ade6a26463fc132e6e5a407f0282b70247f9ed6
  f/scripts/gen_ids: e9201a11b4f2b201398416660149996c885b562c679d4069a75911ecfbe0ea4d
  f/search/categories/index_categories: e49776eb8efe3847b6420565cfe0154c2321432de159ad5ff85d55c9233dabd3
  f/search/components/index_components: e92767f09e3620e1727124ba023f90b036197a32eefe05b42790a752b7c3810d
  f/search/index_flow: 275f667aa01e8d9007a38850c77ede4c9abe20efa5d4119e2dbe8cdc7a424cbf
  f/search/index_flow.flow+__flow_hash: 946e8cd4bac9ef797477311e22d4136c4e4a99dc132ad36058c508dbf61dd265
  f/search/index_flow.flow+parses_incoming_triggers.inline_script.py: 8b353e7c374e1b34e15b4d4a571910fd81db3026afef725fc32d67c5d55dc7a5
  f/search/index_script: f741552fea0e515fe68b059a2cf1f00f83ef4623237b82f9ce8ec312d891ff65
  f/search/index.flow+__flow_hash: e0dd014b7832db646e55433715246289ea963082c26b9c197e17f69a98df164e
  f/search/index.flow+index_dispatch.inline_script.py: edd14df7e002868734a060f0f888233e0614189a414fceba7e22e510eb9e4c87
  f/search/index.flow+parses_incoming_triggers.inline_script.py: 746ccbcfc59f546d003cb741f0c5923feb4877632907dbf95d0be9e14b95d3ab
  f/search/items/index_items: 67572de07f5fc620e78d0261de859e73a60f80048e2b08873cceaa2e25666b8a
  f/search/materials/index_materials: 3a28f138f657b5d3833d95300939426a340777f97953e697c906e43cab562b71
  f/search/orgs/index_orgs: 8b93727f00a6ab64a47c881a9f67a5b422ef7ae290cbcf4c329648eaa36a30f1
  f/search/places/index_places: 16043d8983aab6bbb1765f0aaac5f76fc422d63861e3d9ae3ac0f9fa55de979b
  f/search/regions/index_regions: a4df7a887a261c7449fbc15c01ea3e15f283b475121d79b23b998dcd8c79747c
  f/search/reindex.flow+__flow_hash: b5ca2924d44c8c39ca633d2aaba9ae3e1d08259a4364946d6f6c9efcebdd7113
  f/search/reindex.flow+fetch_next_batch_of_ids.inline_script.py: 1c5205b70abcbac23a98d6882fe3026cee2692ae93c32de2c121707e8aca24da
  f/search/variants/index_variants: b544b84107d9b4bfa3d252055350e9601b626d170564e7cd93e177c2358a6dc4
  f/sources/components/components_flow: 7ae85b8e59350fa202d05eec475e230827d7e1e019b30106a3ca787066b7f81d
  f/sources/extract_flow: 7fa63e10709a765caaec450d2351a15675f5ae665fdaeb7cf1700f558e729868
  f/sources/materials/materials_flow: 42ded86fac4826c7dca2716d668fb6ef5b405345c9dd690ba4ad0d8c9e21ddff
  f/sources/unstructured_flow: f049d8f9fdaf4992ece0ffad09d6ecb231a279618666f302a7e42ed5f112761d
  f/sources/upload_source: b03799f7fd8d251b396bcd4cd1778665a1dbc44643bdf0d0ec1638fddc9ac56d
  f/tags/component_tags: 956e24bde59cb406bf69abd37a25f578e701b0adcf6946a79e12968b009d5f0c
  f/tags/place_tags: 8078769ea41977daaac035624bf1a57f06453a892aee7a40f650eb655705f160
  f/tags/tags_flow: bf417f73eec0216ee9a4b0e2c41290fa2d3d92cf5ee5a34fa8b3063b686d83d5
  f/tags/variant_tags: c597dd3c18b2aee8d34ddcfcf645d851e14f30d817e2a5c00914ad8fe8af88f9
  f/test/cleanup: 75c6e9e037a9ebb1ee7238e94eef30d3cbecf01422cb52a3f8f6de5ec8663f28
  f/test/framework: 36c62e6257008e3d4ca0510d77014264e9c4bf3259a0442204957b9787a6ca20
  f/test/github_status: a00012d2c7b2f3e01414993052fb07da30c73aef4d6d73513b5d4e072cca5b01
  f/test/run_tests.flow+__flow_hash: d30db371311074144bd3a64c0406a5b8f53338f5d7ce58ca00a96310aa59ccc9
  f/test/run_tests.flow+discover_test_scripts.inline_script.py: 03671141dfc9920b434dca16fa993b61725893f87bb89c80e2e14834648c95ff
  f/test/run_tests.flow+format_results.inline_script.py: bb20a828293a83c742020c137fddfbcb7cf6290c3d54df8d8e1ab9ea4209b278
  f/test/run_tests.flow+run_test_script.inline_script.py: a4ecdad7ed13806cef2f6f72d7bfff435c7b91bb9d07f8480786ac9a35c40b3f
  f/test/run_tests.flow+safety_check_-_verify_test_workspace.inline_script.py: 346589dda9413635f97c0a3c8445398eeb1aa992d0a90dd2b5dae63e8c679399
  f/test/test_changes: 30a5a042788b5dbb029c293cd830ed73275659547b0f51500527212f161663d8
  f/test/test_data_pipeline: 76701edb55b00dc6cfe8a51abcb9f4dd6de6922a153d207acf9ac0575082aa53
  f/test/test_openfoodfacts: 6853a6adfb21d938c3580f4a9ee83fd5d97739cac6560b57fddd5298938ad281
  f/test/test_search: e524c97e6323ec2cfa3f557dcc2933a7f85f575fef54ced25816ea0cf7b884e8
  f/test/test_utils: de747edf385021902b91ac1f64ea8f0e1f3ee62534b58e82b8dfc2e25dc99dff
  f/tests/run_integration_tests.flow+__flow_hash: 7f693984ab257e4e55f579a5dc1a7f8facaa1d8ea503a533d4ff90bb52cbf147
  f/tests/run_integration_tests.flow+gather_integration_test_files.inline_script.py: 79e5690772064558bc77bd2ec0e9cf3cfb18efdfa0d927bc0e4df5b0b3aab8b0
  f/tests/run_integration_tests.flow+run_the_test_script.inline_script.py: 818dca50c986c340350abb3229f72ec645442367afee64c08c1a6c36f912ab2e
  f/tests/test_utils: 938689a6e65d804fdba7abc5329c3d9e8804277b51ea67af2db0e046d0acd892
  f/utils/__init__: 9cf12c4d7e9613edbce79a5a2f6e8b96fbb0aadb8405bad2c3259ba05990c26c
  f/utils/api: 13e8e3774bb688013e6bf90ab7e0fc3dcfd3575923ff7f06e56fff865138451a
  f/utils/db/__init__: 86ca230a09983540b728ede77d93c3b00e78a58c8f228704ee429eb36d37e618
  f/utils/db/crdb: 235b1a290007ace4dbaf56366ff889bf8484f3fc2e9841836d8f3684036aa154
  f/utils/db/meili: f987ca683420b0bb905ee13e1418ae145441323ee2ae811f559464df4afb84ae
  f/utils/extract: 6ebb02aa39434db91ba421b7d82342331d553054114b04ca45431d489364ce86
  f/utils/general: 313b86893b1b61f2ef8ef43ccb30f11519403a3839f02d2e5444dc897f6c02e7
  f/utils/git: f3b381f2c1c6253edd95b3bba58cd1ab458f923bc0e11aec09c8b1b0f4b30b5a
  f/utils/lang: 25fea2ec8c2e5dcefc127aa37a7981c577f37b27b0ef0ab2ce2da864678992a8
  f/utils/log: f8654693a64e106545b2c1dda642559bd76f9a4f28133bd1557ea96a156faf30
  f/utils/s3: c9a9055b71424910ff4e03e0a34c1274bd772e7c4d6f2b2a41bf241348b29d00
